
Microsoft Visual Studio Solution File, Format Version 12.00
# Visual Studio Version 16
VisualStudioVersion = 16.0.34114.132
MinimumVisualStudioVersion = 10.0.40219.1
Project("{FAE04EC0-301F-11D3-BF4B-00C04F79EFBC}") = "PageLifeCycle", "PageLifeCycle\PageLifeCycle.csproj", "{8A4C8D47-9620-4AEE-9D96-E0CA83777C2D}"
EndProject
Global
	GlobalSection(SolutionConfigurationPlatforms) = preSolution
		Debug|Any CPU = Debug|Any CPU
		Release|Any CPU = Release|Any CPU
	EndGlobalSection
	GlobalSection(ProjectConfigurationPlatforms) = postSolution
		{8A4C8D47-9620-4AEE-9D96-E0CA83777C2D}.Debug|Any CPU.ActiveCfg = Debug|Any CPU
		{8A4C8D47-9620-4AEE-9D96-E0CA83777C2D}.Debug|Any CPU.Build.0 = Debug|Any CPU
		{8A4C8D47-9620-4AEE-9D96-E0CA83777C2D}.Release|Any CPU.ActiveCfg = Release|Any CPU
		{8A4C8D47-9620-4AEE-9D96-E0CA83777C2D}.Release|Any CPU.Build.0 = Release|Any CPU
	EndGlobalSection
	GlobalSection(SolutionProperties) = preSolution
		HideSolutionNode = FALSE
	EndGlobalSection
	GlobalSection(ExtensibilityGlobals) = postSolution
		SolutionGuid = {18CA094C-B362-4574-A0D2-76B2B3F8893B}
	EndGlobalSection
EndGlobal
